// !$*UTF8*$!
{
	archiveVersion = 1;
	classes = {
	};
	objectVersion = 46;
	objects = {

/* Begin PBXBuildFile section */
		0E910F3F6AB2E7B2FC81BB68 /* Pods_RxMKMapViewExample.framework in Frameworks */ = {isa = PBXBuildFile; fileRef = 8C5B2671341049A7C1947542 /* Pods_RxMKMapViewExample.framework */; };
		14B272871C7633D800606624 /* AppDelegate.swift in Sources */ = {isa = PBXBuildFile; fileRef = 14B272861C7633D800606624 /* AppDelegate.swift */; };
		14B272891C7633D800606624 /* ViewController.swift in Sources */ = {isa = PBXBuildFile; fileRef = 14B272881C7633D800606624 /* ViewController.swift */; };
		14B2728C1C7633D800606624 /* Main.storyboard in Resources */ = {isa = PBXBuildFile; fileRef = 14B2728A1C7633D800606624 /* Main.storyboard */; };
		14B2728E1C7633D800606624 /* Assets.xcassets in Resources */ = {isa = PBXBuildFile; fileRef = 14B2728D1C7633D800606624 /* Assets.xcassets */; };
		14B272911C7633D800606624 /* LaunchScreen.storyboard in Resources */ = {isa = PBXBuildFile; fileRef = 14B2728F1C7633D800606624 /* LaunchScreen.storyboard */; };
/* End PBXBuildFile section */

/* Begin PBXFileReference section */
		0B94C31EF632CDC325F8A403 /* Pods-RxMKMapViewExample.release.xcconfig */ = {isa = PBXFileReference; includeInIndex = 1; lastKnownFileType = text.xcconfig; name = "Pods-RxMKMapViewExample.release.xcconfig"; path = "Target Support Files/Pods-RxMKMapViewExample/Pods-RxMKMapViewExample.release.xcconfig"; sourceTree = "<group>"; };
		14B272831C7633D800606624 /* RxMKMapViewExample.app */ = {isa = PBXFileReference; explicitFileType = wrapper.application; includeInIndex = 0; path = RxMKMapViewExample.app; sourceTree = BUILT_PRODUCTS_DIR; };
		14B272861C7633D800606624 /* AppDelegate.swift */ = {isa = PBXFileReference; lastKnownFileType = sourcecode.swift; path = AppDelegate.swift; sourceTree = "<group>"; };
		14B272881C7633D800606624 /* ViewController.swift */ = {isa = PBXFileReference; lastKnownFileType = sourcecode.swift; path = ViewController.swift; sourceTree = "<group>"; };
		14B2728B1C7633D800606624 /* Base */ = {isa = PBXFileReference; lastKnownFileType = file.storyboard; name = Base; path = Base.lproj/Main.storyboard; sourceTree = "<group>"; };
		14B2728D1C7633D800606624 /* Assets.xcassets */ = {isa = PBXFileReference; lastKnownFileType = folder.assetcatalog; path = Assets.xcassets; sourceTree = "<group>"; };
		14B272901C7633D800606624 /* Base */ = {isa = PBXFileReference; lastKnownFileType = file.storyboard; name = Base; path = Base.lproj/LaunchScreen.storyboard; sourceTree = "<group>"; };
		14B272921C7633D800606624 /* Info.plist */ = {isa = PBXFileReference; lastKnownFileType = text.plist.xml; path = Info.plist; sourceTree = "<group>"; };
		410BD822C34A5969C3FFD7D3 /* Pods-RxMKMapViewExample.debug.xcconfig */ = {isa = PBXFileReference; includeInIndex = 1; lastKnownFileType = text.xcconfig; name = "Pods-RxMKMapViewExample.debug.xcconfig"; path = "Target Support Files/Pods-RxMKMapViewExample/Pods-RxMKMapViewExample.debug.xcconfig"; sourceTree = "<group>"; };
		8C5B2671341049A7C1947542 /* Pods_RxMKMapViewExample.framework */ = {isa = PBXFileReference; explicitFileType = wrapper.framework; includeInIndex = 0; path = Pods_RxMKMapViewExample.framework; sourceTree = BUILT_PRODUCTS_DIR; };
/* End PBXFileReference section */

/* Begin PBXFrameworksBuildPhase section */
		14B272801C7633D800606624 /* Frameworks */ = {
			isa = PBXFrameworksBuildPhase;
			buildActionMask = 2147483647;
			files = (
				0E910F3F6AB2E7B2FC81BB68 /* Pods_RxMKMapViewExample.framework in Frameworks */,
			);
			runOnlyForDeploymentPostprocessing = 0;
		};
/* End PBXFrameworksBuildPhase section */

/* Begin PBXGroup section */
		14B2727A1C7633D800606624 = {
			isa = PBXGroup;
			children = (
				14B272851C7633D800606624 /* RxMKMapViewExample */,
				14B272841C7633D800606624 /* Products */,
				796E8FB417A10529DE580C12 /* Pods */,
				5EB181174125161D0C111631 /* Frameworks */,
			);
			sourceTree = "<group>";
		};
		14B272841C7633D800606624 /* Products */ = {
			isa = PBXGroup;
			children = (
				14B272831C7633D800606624 /* RxMKMapViewExample.app */,
			);
			name = Products;
			sourceTree = "<group>";
		};
		14B272851C7633D800606624 /* RxMKMapViewExample */ = {
			isa = PBXGroup;
			children = (
				14B272861C7633D800606624 /* AppDelegate.swift */,
				14B272881C7633D800606624 /* ViewController.swift */,
				14B2728A1C7633D800606624 /* Main.storyboard */,
				14B2728D1C7633D800606624 /* Assets.xcassets */,
				14B2728F1C7633D800606624 /* LaunchScreen.storyboard */,
				14B272921C7633D800606624 /* Info.plist */,
			);
			path = RxMKMapViewExample;
			sourceTree = "<group>";
		};
		5EB181174125161D0C111631 /* Frameworks */ = {
			isa = PBXGroup;
			children = (
				8C5B2671341049A7C1947542 /* Pods_RxMKMapViewExample.framework */,
			);
			name = Frameworks;
			sourceTree = "<group>";
		};
		796E8FB417A10529DE580C12 /* Pods */ = {
			isa = PBXGroup;
			children = (
				410BD822C34A5969C3FFD7D3 /* Pods-RxMKMapViewExample.debug.xcconfig */,
				0B94C31EF632CDC325F8A403 /* Pods-RxMKMapViewExample.release.xcconfig */,
			);
			path = Pods;
			sourceTree = "<group>";
		};
/* End PBXGroup section */

/* Begin PBXNativeTarget section */
		14B272821C7633D800606624 /* RxMKMapViewExample */ = {
			isa = PBXNativeTarget;
			buildConfigurationList = 14B272951C7633D800606624 /* Build configuration list for PBXNativeTarget "RxMKMapViewExample" */;
			buildPhases = (
				81650A132C2EE6D6EF600F11 /* [CP] Check Pods Manifest.lock */,
				14B2727F1C7633D800606624 /* Sources */,
				14B272801C7633D800606624 /* Frameworks */,
				14B272811C7633D800606624 /* Resources */,
				3FBE9436F595CE4DFBA170FF /* [CP] Embed Pods Frameworks */,
			);
			buildRules = (
			);
			dependencies = (
			);
			name = RxMKMapViewExample;
			productName = RxMKMapViewExample;
			productReference = 14B272831C7633D800606624 /* RxMKMapViewExample.app */;
			productType = "com.apple.product-type.application";
		};
/* End PBXNativeTarget section */

/* Begin PBXProject section */
		14B2727B1C7633D800606624 /* Project object */ = {
			isa = PBXProject;
			attributes = {
				LastSwiftUpdateCheck = 0720;
				LastUpgradeCheck = 0720;
				ORGANIZATIONNAME = "Droids on Roids";
				TargetAttributes = {
					14B272821C7633D800606624 = {
						CreatedOnToolsVersion = 7.2.1;
					};
				};
			};
			buildConfigurationList = 14B2727E1C7633D800606624 /* Build configuration list for PBXProject "RxMKMapViewExample" */;
			compatibilityVersion = "Xcode 3.2";
			developmentRegion = English;
			hasScannedForEncodings = 0;
			knownRegions = (
				English,
				en,
				Base,
			);
			mainGroup = 14B2727A1C7633D800606624;
			productRefGroup = 14B272841C7633D800606624 /* Products */;
			projectDirPath = "";
			projectRoot = "";
			targets = (
				14B272821C7633D800606624 /* RxMKMapViewExample */,
			);
		};
/* End PBXProject section */

/* Begin PBXResourcesBuildPhase section */
		14B272811C7633D800606624 /* Resources */ = {
			isa = PBXResourcesBuildPhase;
			buildActionMask = 2147483647;
			files = (
				14B272911C7633D800606624 /* LaunchScreen.storyboard in Resources */,
				14B2728E1C7633D800606624 /* Assets.xcassets in Resources */,
				14B2728C1C7633D800606624 /* Main.storyboard in Resources */,
			);
			runOnlyForDeploymentPostprocessing = 0;
		};
/* End PBXResourcesBuildPhase section */

/* Begin PBXShellScriptBuildPhase section */
		3FBE9436F595CE4DFBA170FF /* [CP] Embed Pods Frameworks */ = {
			isa = PBXShellScriptBuildPhase;
			buildActionMask = 2147483647;
			files = (
			);
			inputPaths = (
				"${PODS_ROOT}/Target Support Files/Pods-RxMKMapViewExample/Pods-RxMKMapViewExample-frameworks.sh",
				"${BUILT_PRODUCTS_DIR}/RxCocoa/RxCocoa.framework",
				"${BUILT_PRODUCTS_DIR}/RxMKMapView/RxMKMapView.framework",
				"${BUILT_PRODUCTS_DIR}/RxRelay/RxRelay.framework",
				"${BUILT_PRODUCTS_DIR}/RxSwift/RxSwift.framework",
			);
			name = "[CP] Embed Pods Frameworks";
			outputPaths = (
				"${TARGET_BUILD_DIR}/${FRAMEWORKS_FOLDER_PATH}/RxCocoa.framework",
				"${TARGET_BUILD_DIR}/${FRAMEWORKS_FOLDER_PATH}/RxMKMapView.framework",
				"${TARGET_BUILD_DIR}/${FRAMEWORKS_FOLDER_PATH}/RxRelay.framework",
				"${TARGET_BUILD_DIR}/${FRAMEWORKS_FOLDER_PATH}/RxSwift.framework",
			);
			runOnlyForDeploymentPostprocessing = 0;
			shellPath = /bin/sh;
			shellScript = "\"${PODS_ROOT}/Target Support Files/Pods-RxMKMapViewExample/Pods-RxMKMapViewExample-frameworks.sh\"\n";
			showEnvVarsInLog = 0;
		};
		81650A132C2EE6D6EF600F11 /* [CP] Check Pods Manifest.lock */ = {
			isa = PBXShellScriptBuildPhase;
			buildActionMask = 2147483647;
			files = (
			);
			inputFileListPaths = (
			);
			inputPaths = (
				"${PODS_PODFILE_DIR_PATH}/Podfile.lock",
				"${PODS_ROOT}/Manifest.lock",
			);
			name = "[CP] Check Pods Manifest.lock";
			outputFileListPaths = (
			);
			outputPaths = (
				"$(DERIVED_FILE_DIR)/Pods-RxMKMapViewExample-checkManifestLockResult.txt",
			);
			runOnlyForDeploymentPostprocessing = 0;
			shellPath = /bin/sh;
			shellScript = "diff \"${PODS_PODFILE_DIR_PATH}/Podfile.lock\" \"${PODS_ROOT}/Manifest.lock\" > /dev/null\nif [ $? != 0 ] ; then\n    # print error to STDERR\n    echo \"error: The sandbox is not in sync with the Podfile.lock. Run 'pod install' or update your CocoaPods installation.\" >&2\n    exit 1\nfi\n# This output is used by Xcode 'outputs' to avoid re-running this script phase.\necho \"SUCCESS\" > \"${SCRIPT_OUTPUT_FILE_0}\"\n";
			showEnvVarsInLog = 0;
		};
/* End PBXShellScriptBuildPhase section */

/* Begin PBXSourcesBuildPhase section */
		14B2727F1C7633D800606624 /* Sources */ = {
			isa = PBXSourcesBuildPhase;
			buildActionMask = 2147483647;
			files = (
				14B272891C7633D800606624 /* ViewController.swift in Sources */,
				14B272871C7633D800606624 /* AppDelegate.swift in Sources */,
			);
			runOnlyForDeploymentPostprocessing = 0;
		};
/* End PBXSourcesBuildPhase section */

/* Begin PBXVariantGroup section */
		14B2728A1C7633D800606624 /* Main.storyboard */ = {
			isa = PBXVariantGroup;
			children = (
				14B2728B1C7633D800606624 /* Base */,
			);
			name = Main.storyboard;
			sourceTree = "<group>";
		};
		14B2728F1C7633D800606624 /* LaunchScreen.storyboard */ = {
			isa = PBXVariantGroup;
			children = (
				14B272901C7633D800606624 /* Base */,
			);
			name = LaunchScreen.storyboard;
			sourceTree = "<group>";
		};
/* End PBXVariantGroup section */

/* Begin XCBuildConfiguration section */
		14B272931C7633D800606624 /* Debug */ = {
			isa = XCBuildConfiguration;
			buildSettings = {
				ALWAYS_SEARCH_USER_PATHS = NO;
				CLANG_CXX_LANGUAGE_STANDARD = "gnu++0x";
				CLANG_CXX_LIBRARY = "libc++";
				CLANG_ENABLE_MODULES = YES;
				CLANG_ENABLE_OBJC_ARC = YES;
				CLANG_WARN_BOOL_CONVERSION = YES;
				CLANG_WARN_CONSTANT_CONVERSION = YES;
				CLANG_WARN_DIRECT_OBJC_ISA_USAGE = YES_ERROR;
				CLANG_WARN_EMPTY_BODY = YES;
				CLANG_WARN_ENUM_CONVERSION = YES;
				CLANG_WARN_INT_CONVERSION = YES;
				CLANG_WARN_OBJC_ROOT_CLASS = YES_ERROR;
				CLANG_WARN_UNREACHABLE_CODE = YES;
				CLANG_WARN__DUPLICATE_METHOD_MATCH = YES;
				"CODE_SIGN_IDENTITY[sdk=iphoneos*]" = "iPhone Developer";
				COPY_PHASE_STRIP = NO;
				DEBUG_INFORMATION_FORMAT = dwarf;
				ENABLE_STRICT_OBJC_MSGSEND = YES;
				ENABLE_TESTABILITY = YES;
				GCC_C_LANGUAGE_STANDARD = gnu99;
				GCC_DYNAMIC_NO_PIC = NO;
				GCC_NO_COMMON_BLOCKS = YES;
				GCC_OPTIMIZATION_LEVEL = 0;
				GCC_PREPROCESSOR_DEFINITIONS = (
					"DEBUG=1",
					"$(inherited)",
				);
				GCC_WARN_64_TO_32_BIT_CONVERSION = YES;
				GCC_WARN_ABOUT_RETURN_TYPE = YES_ERROR;
				GCC_WARN_UNDECLARED_SELECTOR = YES;
				GCC_WARN_UNINITIALIZED_AUTOS = YES_AGGRESSIVE;
				GCC_WARN_UNUSED_FUNCTION = YES;
				GCC_WARN_UNUSED_VARIABLE = YES;
				IPHONEOS_DEPLOYMENT_TARGET = 9.2;
				MTL_ENABLE_DEBUG_INFO = YES;
				ONLY_ACTIVE_ARCH = YES;
				SDKROOT = iphoneos;
				SWIFT_OPTIMIZATION_LEVEL = "-Onone";
			};
			name = Debug;
		};
		14B272941C7633D800606624 /* Release */ = {
			isa = XCBuildConfiguration;
			buildSettings = {
				ALWAYS_SEARCH_USER_PATHS = NO;
				CLANG_CXX_LANGUAGE_STANDARD = "gnu++0x";
				CLANG_CXX_LIBRARY = "libc++";
				CLANG_ENABLE_MODULES = YES;
				CLANG_ENABLE_OBJC_ARC = YES;
				CLANG_WARN_BOOL_CONVERSION = YES;
				CLANG_WARN_CONSTANT_CONVERSION = YES;
				CLANG_WARN_DIRECT_OBJC_ISA_USAGE = YES_ERROR;
				CLANG_WARN_EMPTY_BODY = YES;
				CLANG_WARN_ENUM_CONVERSION = YES;
				CLANG_WARN_INT_CONVERSION = YES;
				CLANG_WARN_OBJC_ROOT_CLASS = YES_ERROR;
				CLANG_WARN_UNREACHABLE_CODE = YES;
				CLANG_WARN__DUPLICATE_METHOD_MATCH = YES;
				"CODE_SIGN_IDENTITY[sdk=iphoneos*]" = "iPhone Developer";
				COPY_PHASE_STRIP = NO;
				DEBUG_INFORMATION_FORMAT = "dwarf-with-dsym";
				ENABLE_NS_ASSERTIONS = NO;
				ENABLE_STRICT_OBJC_MSGSEND = YES;
				GCC_C_LANGUAGE_STANDARD = gnu99;
				GCC_NO_COMMON_BLOCKS = YES;
				GCC_WARN_64_TO_32_BIT_CONVERSION = YES;
				GCC_WARN_ABOUT_RETURN_TYPE = YES_ERROR;
				GCC_WARN_UNDECLARED_SELECTOR = YES;
				GCC_WARN_UNINITIALIZED_AUTOS = YES_AGGRESSIVE;
				GCC_WARN_UNUSED_FUNCTION = YES;
				GCC_WARN_UNUSED_VARIABLE = YES;
				IPHONEOS_DEPLOYMENT_TARGET = 9.2;
				MTL_ENABLE_DEBUG_INFO = NO;
				SDKROOT = iphoneos;
				VALIDATE_PRODUCT = YES;
			};
			name = Release;
		};
		14B272961C7633D800606624 /* Debug */ = {
			isa = XCBuildConfiguration;
			baseConfigurationReference = 410BD822C34A5969C3FFD7D3 /* Pods-RxMKMapViewExample.debug.xcconfig */;
			buildSettings = {
				ASSETCATALOG_COMPILER_APPICON_NAME = AppIcon;
				INFOPLIST_FILE = RxMKMapViewExample/Info.plist;
				IPHONEOS_DEPLOYMENT_TARGET = 10.0;
				LD_RUNPATH_SEARCH_PATHS = "$(inherited) @executable_path/Frameworks";
				PRODUCT_BUNDLE_IDENTIFIER = com.droidsonroids.RxMKMapViewExample;
				PRODUCT_NAME = "$(TARGET_NAME)";
				SWIFT_VERSION = 5.0;
			};
			name = Debug;
		};
		14B272971C7633D800606624 /* Release */ = {
			isa = XCBuildConfiguration;
			baseConfigurationReference = 0B94C31EF632CDC325F8A403 /* Pods-RxMKMapViewExample.release.xcconfig */;
			buildSettings = {
				ASSETCATALOG_COMPILER_APPICON_NAME = AppIcon;
				INFOPLIST_FILE = RxMKMapViewExample/Info.plist;
				IPHONEOS_DEPLOYMENT_TARGET = 10.0;
				LD_RUNPATH_SEARCH_PATHS = "$(inherited) @executable_path/Frameworks";
				PRODUCT_BUNDLE_IDENTIFIER = com.droidsonroids.RxMKMapViewExample;
				PRODUCT_NAME = "$(TARGET_NAME)";
				SWIFT_VERSION = 5.0;
			};
			name = Release;
		};
/* End XCBuildConfiguration section */

/* Begin XCConfigurationList section */
		14B2727E1C7633D800606624 /* Build configuration list for PBXProject "RxMKMapViewExample" */ = {
			isa = XCConfigurationList;
			buildConfigurations = (
				14B272931C7633D800606624 /* Debug */,
				14B272941C7633D800606624 /* Release */,
			);
			defaultConfigurationIsVisible = 0;
			defaultConfigurationName = Release;
		};
		14B272951C7633D800606624 /* Build configuration list for PBXNativeTarget "RxMKMapViewExample" */ = {
			isa = XCConfigurationList;
			buildConfigurations = (
				14B272961C7633D800606624 /* Debug */,
				14B272971C7633D800606624 /* Release */,
			);
			defaultConfigurationIsVisible = 0;
			defaultConfigurationName = Release;
		};
/* End XCConfigurationList section */
	};
	rootObject = 14B2727B1C7633D800606624 /* Project object */;
}
