PODS:
  - Alamofire (4.8.2)
  - ObjectMapper (3.5.1)
  - RxAlamofire/Core (5.0.0):
    - Alamofire (~> 4.8)
    - RxSwift (~> 5.0)
  - RxAlamofire/RxCocoa (5.0.0):
    - RxAlamofire/Core
    - RxCocoa (~> 5.0)
  - RxCocoa (5.0.0):
    - RxRelay (~> 5)
    - RxSwift (~> 5)
  - RxRelay (5.0.0):
    - RxSwift (~> 5)
  - RxSwift (5.0.0)

DEPENDENCIES:
  - ObjectMapper
  - RxAlamofire/RxCocoa

SPEC REPOS:
  https://github.com/cocoapods/specs.git:
    - Alamofire
    - ObjectMapper
    - RxAlamofire
    - RxCocoa
    - RxRelay
    - RxSwift

SPEC CHECKSUMS:
  Alamofire: ae5c501addb7afdbb13687d7f2f722c78734c2d3
  ObjectMapper: 70187b8941977c62ccfb423caf6b50be405cabf0
  RxAlamofire: e7875a012aff55345672d0f70a2a9cd6aeb0f211
  RxCocoa: fcf32050ac00d801f34a7f71d5e8e7f23026dcd8
  RxRelay: 4f7409406a51a55cd88483f21ed898c234d60f18
  RxSwift: 8b0671caa829a763bbce7271095859121cbd895f

PODFILE CHECKSUM: 7cd190d4d1b20dfeae2e30defdfae3cac97eb96b

COCOAPODS: 1.7.5
